
Microsoft Visual Studio Solution File, Format Version 12.00
# Visual Studio Version 16
VisualStudioVersion = 16.0.30804.86
MinimumVisualStudioVersion = 10.0.40219.1
Project("{2150E333-8FDC-42A3-9474-1A3956D46DE8}") = "Src", "Src", "{1783DB54-CFF2-4978-9D28-F1E3329E7BD7}"
EndProject
Project("{2150E333-8FDC-42A3-9474-1A3956D46DE8}") = "Doc", "Doc", "{BF74ACED-91F9-46F6-BD0B-A9BC32502309}"
EndProject
Project("{2150E333-8FDC-42A3-9474-1A3956D46DE8}") = "Test", "Test", "{196A5CBB-EF82-495E-A3A4-029F26FBDF0B}"
EndProject
Project("{2150E333-8FDC-42A3-9474-1A3956D46DE8}") = "Common", "Common", "{BFFC262F-EE1F-499C-B4AB-A27E4405EB0F}"
EndProject
Project("{2150E333-8FDC-42A3-9474-1A3956D46DE8}") = "Infrastructure", "Infrastructure", "{0297C7B1-E280-4B45-878B-0DD9007B38DD}"
EndProject
Project("{2150E333-8FDC-42A3-9474-1A3956D46DE8}") = "Endpoint", "Endpoint", "{F3418AAE-CDB1-4055-9427-E24B02F19A25}"
EndProject
Project("{2150E333-8FDC-42A3-9474-1A3956D46DE8}") = "Core", "Core", "{46BB5884-5D58-459C-90CB-77E06C44A8AE}"
EndProject
Project("{9A19103F-16F7-4668-BE54-9A1E7A4F7556}") = "ParsRollcall.Domain", "ParsRollcall.Domain\ParsRollcall.Domain.csproj", "{3DE26DB6-BB4B-427A-BB24-8801676C2145}"
EndProject
Project("{2150E333-8FDC-42A3-9474-1A3956D46DE8}") = "Persistence", "Persistence", "{47F768B9-C66B-4DC1-B4BC-DF793F0A0177}"
EndProject
Project("{FAE04EC0-301F-11D3-BF4B-00C04F79EFBC}") = "ParsRollcall.Persistence", "ParsRollcall.Persistence\ParsRollcall.Persistence.csproj", "{D594D4AB-6A2E-4265-AFFB-B3151AEC51CE}"
EndProject
Project("{FAE04EC0-301F-11D3-BF4B-00C04F79EFBC}") = "ParsRollcall.Site", "ParsRollcall.Site\ParsRollcall.Site.csproj", "{639C26A1-AC8D-49E9-89FA-8DBD25E70E70}"
EndProject
Project("{FAE04EC0-301F-11D3-BF4B-00C04F79EFBC}") = "ParsRollcall.Application", "ParsRollcall.Application\ParsRollcall.Application.csproj", "{C16287D0-D62F-4E09-97FE-E07FD48A562C}"
EndProject
Global
	GlobalSection(SolutionConfigurationPlatforms) = preSolution
		Debug|Any CPU = Debug|Any CPU
		Release|Any CPU = Release|Any CPU
	EndGlobalSection
	GlobalSection(ProjectConfigurationPlatforms) = postSolution
		{3DE26DB6-BB4B-427A-BB24-8801676C2145}.Debug|Any CPU.ActiveCfg = Debug|Any CPU
		{3DE26DB6-BB4B-427A-BB24-8801676C2145}.Debug|Any CPU.Build.0 = Debug|Any CPU
		{3DE26DB6-BB4B-427A-BB24-8801676C2145}.Release|Any CPU.ActiveCfg = Release|Any CPU
		{3DE26DB6-BB4B-427A-BB24-8801676C2145}.Release|Any CPU.Build.0 = Release|Any CPU
		{D594D4AB-6A2E-4265-AFFB-B3151AEC51CE}.Debug|Any CPU.ActiveCfg = Debug|Any CPU
		{D594D4AB-6A2E-4265-AFFB-B3151AEC51CE}.Debug|Any CPU.Build.0 = Debug|Any CPU
		{D594D4AB-6A2E-4265-AFFB-B3151AEC51CE}.Release|Any CPU.ActiveCfg = Release|Any CPU
		{D594D4AB-6A2E-4265-AFFB-B3151AEC51CE}.Release|Any CPU.Build.0 = Release|Any CPU
		{639C26A1-AC8D-49E9-89FA-8DBD25E70E70}.Debug|Any CPU.ActiveCfg = Debug|Any CPU
		{639C26A1-AC8D-49E9-89FA-8DBD25E70E70}.Debug|Any CPU.Build.0 = Debug|Any CPU
		{639C26A1-AC8D-49E9-89FA-8DBD25E70E70}.Release|Any CPU.ActiveCfg = Release|Any CPU
		{639C26A1-AC8D-49E9-89FA-8DBD25E70E70}.Release|Any CPU.Build.0 = Release|Any CPU
		{C16287D0-D62F-4E09-97FE-E07FD48A562C}.Debug|Any CPU.ActiveCfg = Debug|Any CPU
		{C16287D0-D62F-4E09-97FE-E07FD48A562C}.Debug|Any CPU.Build.0 = Debug|Any CPU
		{C16287D0-D62F-4E09-97FE-E07FD48A562C}.Release|Any CPU.ActiveCfg = Release|Any CPU
		{C16287D0-D62F-4E09-97FE-E07FD48A562C}.Release|Any CPU.Build.0 = Release|Any CPU
	EndGlobalSection
	GlobalSection(SolutionProperties) = preSolution
		HideSolutionNode = FALSE
	EndGlobalSection
	GlobalSection(NestedProjects) = preSolution
		{BFFC262F-EE1F-499C-B4AB-A27E4405EB0F} = {1783DB54-CFF2-4978-9D28-F1E3329E7BD7}
		{0297C7B1-E280-4B45-878B-0DD9007B38DD} = {1783DB54-CFF2-4978-9D28-F1E3329E7BD7}
		{F3418AAE-CDB1-4055-9427-E24B02F19A25} = {1783DB54-CFF2-4978-9D28-F1E3329E7BD7}
		{46BB5884-5D58-459C-90CB-77E06C44A8AE} = {1783DB54-CFF2-4978-9D28-F1E3329E7BD7}
		{3DE26DB6-BB4B-427A-BB24-8801676C2145} = {46BB5884-5D58-459C-90CB-77E06C44A8AE}
		{47F768B9-C66B-4DC1-B4BC-DF793F0A0177} = {1783DB54-CFF2-4978-9D28-F1E3329E7BD7}
		{D594D4AB-6A2E-4265-AFFB-B3151AEC51CE} = {47F768B9-C66B-4DC1-B4BC-DF793F0A0177}
		{639C26A1-AC8D-49E9-89FA-8DBD25E70E70} = {F3418AAE-CDB1-4055-9427-E24B02F19A25}
		{C16287D0-D62F-4E09-97FE-E07FD48A562C} = {46BB5884-5D58-459C-90CB-77E06C44A8AE}
	EndGlobalSection
	GlobalSection(ExtensibilityGlobals) = postSolution
		SolutionGuid = {B83EFFC7-0541-41B9-8946-B098123FEB97}
	EndGlobalSection
EndGlobal
